// !$*UTF8*$!
{
	archiveVersion = 1;
	classes = {
	};
	objectVersion = 52;
	objects = {

/* Begin PBXBuildFile section */
		9106EEBA26F976060002281D /* iTinder_BuildApp.swift in Sources */ = {isa = PBXBuildFile; fileRef = 9106EEB926F976060002281D /* iTinder_BuildApp.swift */; };
		9106EEBC26F976060002281D /* ContentView.swift in Sources */ = {isa = PBXBuildFile; fileRef = 9106EEBB26F976060002281D /* ContentView.swift */; };
		9106EEBE26F976070002281D /* Assets.xcassets in Resources */ = {isa = PBXBuildFile; fileRef = 9106EEBD26F976070002281D /* Assets.xcassets */; };
		9106EEC126F976070002281D /* Preview Assets.xcassets in Resources */ = {isa = PBXBuildFile; fileRef = 9106EEC026F976070002281D /* Preview Assets.xcassets */; };
		9106EEC926F9773A0002281D /* MainView.swift in Sources */ = {isa = PBXBuildFile; fileRef = 9106EEC826F9773A0002281D /* MainView.swift */; };
		9106EECB26F979380002281D /* TabBarButtonView.swift in Sources */ = {isa = PBXBuildFile; fileRef = 9106EECA26F979380002281D /* TabBarButtonView.swift */; };
		9106EECD26F97D800002281D /* AppStateManager.swift in Sources */ = {isa = PBXBuildFile; fileRef = 9106EECC26F97D800002281D /* AppStateManager.swift */; };
		9106EECF26F980700002281D /* Extensions.swift in Sources */ = {isa = PBXBuildFile; fileRef = 9106EECE26F980700002281D /* Extensions.swift */; };
		9106EED226F98ECA0002281D /* ProfileView.swift in Sources */ = {isa = PBXBuildFile; fileRef = 9106EED126F98ECA0002281D /* ProfileView.swift */; };
		9106EED526F9900D0002281D /* RoundedImage.swift in Sources */ = {isa = PBXBuildFile; fileRef = 9106EED426F9900D0002281D /* RoundedImage.swift */; };
		9106EEDB26F999F30002281D /* ProfileSwipePromo.swift in Sources */ = {isa = PBXBuildFile; fileRef = 9106EEDA26F999F30002281D /* ProfileSwipePromo.swift */; };
		914B24A526FA82D30035010B /* Kingfisher in Frameworks */ = {isa = PBXBuildFile; productRef = 914B24A426FA82D30035010B /* Kingfisher */; };
		914B24A726FA89B80035010B /* MessageListView.swift in Sources */ = {isa = PBXBuildFile; fileRef = 914B24A626FA89B80035010B /* MessageListView.swift */; };
		914B24A926FA89F90035010B /* MessageListVM.swift in Sources */ = {isa = PBXBuildFile; fileRef = 914B24A826FA89F90035010B /* MessageListVM.swift */; };
		914B24AB26FA91A40035010B /* MessageRowView.swift in Sources */ = {isa = PBXBuildFile; fileRef = 914B24AA26FA91A40035010B /* MessageRowView.swift */; };
		914B24AD26FAA47F0035010B /* UserManager.swift in Sources */ = {isa = PBXBuildFile; fileRef = 914B24AC26FAA47F0035010B /* UserManager.swift */; };
		914B24AF26FAA4D30035010B /* User.swift in Sources */ = {isa = PBXBuildFile; fileRef = 914B24AE26FAA4D30035010B /* User.swift */; };
		914B24B126FAA6FB0035010B /* LikesView.swift in Sources */ = {isa = PBXBuildFile; fileRef = 914B24B026FAA6FB0035010B /* LikesView.swift */; };
		914FDBEC26FAC8B000D343B2 /* PersonSquare.swift in Sources */ = {isa = PBXBuildFile; fileRef = 914FDBEB26FAC8B000D343B2 /* PersonSquare.swift */; };
		918710A826FA41F10021AC34 /* Message.swift in Sources */ = {isa = PBXBuildFile; fileRef = 918710A726FA41F10021AC34 /* Message.swift */; };
		918710AD26FA429F0021AC34 /* Person.swift in Sources */ = {isa = PBXBuildFile; fileRef = 918710AC26FA429F0021AC34 /* Person.swift */; };
		918710AF26FA43100021AC34 /* MessagePreview.swift in Sources */ = {isa = PBXBuildFile; fileRef = 918710AE26FA43100021AC34 /* MessagePreview.swift */; };
		918710B126FA43BB0021AC34 /* MessageView.swift in Sources */ = {isa = PBXBuildFile; fileRef = 918710B026FA43BB0021AC34 /* MessageView.swift */; };
		918710B426FA47B00021AC34 /* ChatView.swift in Sources */ = {isa = PBXBuildFile; fileRef = 918710B326FA47B00021AC34 /* ChatView.swift */; };
		918710B626FA48050021AC34 /* ChatManager.swift in Sources */ = {isa = PBXBuildFile; fileRef = 918710B526FA48050021AC34 /* ChatManager.swift */; };
		918710B826FA49CF0021AC34 /* ChatViewHeader.swift in Sources */ = {isa = PBXBuildFile; fileRef = 918710B726FA49CF0021AC34 /* ChatViewHeader.swift */; };
/* End PBXBuildFile section */

/* Begin PBXFileReference section */
		9106EEB626F976060002281D /* iTinder_Build.app */ = {isa = PBXFileReference; explicitFileType = wrapper.application; includeInIndex = 0; path = iTinder_Build.app; sourceTree = BUILT_PRODUCTS_DIR; };
		9106EEB926F976060002281D /* iTinder_BuildApp.swift */ = {isa = PBXFileReference; lastKnownFileType = sourcecode.swift; path = iTinder_BuildApp.swift; sourceTree = "<group>"; };
		9106EEBB26F976060002281D /* ContentView.swift */ = {isa = PBXFileReference; lastKnownFileType = sourcecode.swift; path = ContentView.swift; sourceTree = "<group>"; };
		9106EEBD26F976070002281D /* Assets.xcassets */ = {isa = PBXFileReference; lastKnownFileType = folder.assetcatalog; path = Assets.xcassets; sourceTree = "<group>"; };
		9106EEC026F976070002281D /* Preview Assets.xcassets */ = {isa = PBXFileReference; lastKnownFileType = folder.assetcatalog; path = "Preview Assets.xcassets"; sourceTree = "<group>"; };
		9106EEC226F976070002281D /* Info.plist */ = {isa = PBXFileReference; lastKnownFileType = text.plist.xml; path = Info.plist; sourceTree = "<group>"; };
		9106EEC826F9773A0002281D /* MainView.swift */ = {isa = PBXFileReference; lastKnownFileType = sourcecode.swift; path = MainView.swift; sourceTree = "<group>"; };
		9106EECA26F979380002281D /* TabBarButtonView.swift */ = {isa = PBXFileReference; lastKnownFileType = sourcecode.swift; path = TabBarButtonView.swift; sourceTree = "<group>"; };
		9106EECC26F97D800002281D /* AppStateManager.swift */ = {isa = PBXFileReference; lastKnownFileType = sourcecode.swift; path = AppStateManager.swift; sourceTree = "<group>"; };
		9106EECE26F980700002281D /* Extensions.swift */ = {isa = PBXFileReference; lastKnownFileType = sourcecode.swift; path = Extensions.swift; sourceTree = "<group>"; };
		9106EED126F98ECA0002281D /* ProfileView.swift */ = {isa = PBXFileReference; lastKnownFileType = sourcecode.swift; path = ProfileView.swift; sourceTree = "<group>"; };
		9106EED426F9900D0002281D /* RoundedImage.swift */ = {isa = PBXFileReference; lastKnownFileType = sourcecode.swift; path = RoundedImage.swift; sourceTree = "<group>"; };
		9106EEDA26F999F30002281D /* ProfileSwipePromo.swift */ = {isa = PBXFileReference; lastKnownFileType = sourcecode.swift; path = ProfileSwipePromo.swift; sourceTree = "<group>"; };
		914B24A626FA89B80035010B /* MessageListView.swift */ = {isa = PBXFileReference; lastKnownFileType = sourcecode.swift; path = MessageListView.swift; sourceTree = "<group>"; };
		914B24A826FA89F90035010B /* MessageListVM.swift */ = {isa = PBXFileReference; lastKnownFileType = sourcecode.swift; path = MessageListVM.swift; sourceTree = "<group>"; };
		914B24AA26FA91A40035010B /* MessageRowView.swift */ = {isa = PBXFileReference; lastKnownFileType = sourcecode.swift; path = MessageRowView.swift; sourceTree = "<group>"; };
		914B24AC26FAA47F0035010B /* UserManager.swift */ = {isa = PBXFileReference; lastKnownFileType = sourcecode.swift; path = UserManager.swift; sourceTree = "<group>"; };
		914B24AE26FAA4D30035010B /* User.swift */ = {isa = PBXFileReference; lastKnownFileType = sourcecode.swift; path = User.swift; sourceTree = "<group>"; };
		914B24B026FAA6FB0035010B /* LikesView.swift */ = {isa = PBXFileReference; lastKnownFileType = sourcecode.swift; path = LikesView.swift; sourceTree = "<group>"; };
		914FDBEB26FAC8B000D343B2 /* PersonSquare.swift */ = {isa = PBXFileReference; lastKnownFileType = sourcecode.swift; path = PersonSquare.swift; sourceTree = "<group>"; };
		918710A726FA41F10021AC34 /* Message.swift */ = {isa = PBXFileReference; lastKnownFileType = sourcecode.swift; path = Message.swift; sourceTree = "<group>"; };
		918710AC26FA429F0021AC34 /* Person.swift */ = {isa = PBXFileReference; lastKnownFileType = sourcecode.swift; path = Person.swift; sourceTree = "<group>"; };
		918710AE26FA43100021AC34 /* MessagePreview.swift */ = {isa = PBXFileReference; lastKnownFileType = sourcecode.swift; path = MessagePreview.swift; sourceTree = "<group>"; };
		918710B026FA43BB0021AC34 /* MessageView.swift */ = {isa = PBXFileReference; lastKnownFileType = sourcecode.swift; path = MessageView.swift; sourceTree = "<group>"; };
		918710B326FA47B00021AC34 /* ChatView.swift */ = {isa = PBXFileReference; lastKnownFileType = sourcecode.swift; path = ChatView.swift; sourceTree = "<group>"; };
		918710B526FA48050021AC34 /* ChatManager.swift */ = {isa = PBXFileReference; lastKnownFileType = sourcecode.swift; path = ChatManager.swift; sourceTree = "<group>"; };
		918710B726FA49CF0021AC34 /* ChatViewHeader.swift */ = {isa = PBXFileReference; lastKnownFileType = sourcecode.swift; path = ChatViewHeader.swift; sourceTree = "<group>"; };
/* End PBXFileReference section */

/* Begin PBXFrameworksBuildPhase section */
		9106EEB326F976060002281D /* Frameworks */ = {
			isa = PBXFrameworksBuildPhase;
			buildActionMask = 2147483647;
			files = (
				914B24A526FA82D30035010B /* Kingfisher in Frameworks */,
			);
			runOnlyForDeploymentPostprocessing = 0;
		};
/* End PBXFrameworksBuildPhase section */

/* Begin PBXGroup section */
		9106EEAD26F976060002281D = {
			isa = PBXGroup;
			children = (
				9106EEB826F976060002281D /* iTinder_Build */,
				9106EEB726F976060002281D /* Products */,
			);
			sourceTree = "<group>";
		};
		9106EEB726F976060002281D /* Products */ = {
			isa = PBXGroup;
			children = (
				9106EEB626F976060002281D /* iTinder_Build.app */,
			);
			name = Products;
			sourceTree = "<group>";
		};
		9106EEB826F976060002281D /* iTinder_Build */ = {
			isa = PBXGroup;
			children = (
				9106EEB926F976060002281D /* iTinder_BuildApp.swift */,
				9106EEBB26F976060002281D /* ContentView.swift */,
				9106EECC26F97D800002281D /* AppStateManager.swift */,
				914B24AC26FAA47F0035010B /* UserManager.swift */,
				9106EED026F986320002281D /* MainTabBar */,
				9106EED326F98EE20002281D /* Profile */,
				918710B226FA43C00021AC34 /* Messages */,
				914B24B226FAA7220035010B /* MatchesView */,
				918710A926FA41F60021AC34 /* Model */,
				9106EED926F9914C0002281D /* HelperViews */,
				9106EEBD26F976070002281D /* Assets.xcassets */,
				9106EEC226F976070002281D /* Info.plist */,
				9106EEBF26F976070002281D /* Preview Content */,
				9106EECE26F980700002281D /* Extensions.swift */,
			);
			path = iTinder_Build;
			sourceTree = "<group>";
		};
		9106EEBF26F976070002281D /* Preview Content */ = {
			isa = PBXGroup;
			children = (
				9106EEC026F976070002281D /* Preview Assets.xcassets */,
			);
			path = "Preview Content";
			sourceTree = "<group>";
		};
		9106EED026F986320002281D /* MainTabBar */ = {
			isa = PBXGroup;
			children = (
				9106EEC826F9773A0002281D /* MainView.swift */,
				9106EECA26F979380002281D /* TabBarButtonView.swift */,
			);
			path = MainTabBar;
			sourceTree = "<group>";
		};
		9106EED326F98EE20002281D /* Profile */ = {
			isa = PBXGroup;
			children = (
				9106EED126F98ECA0002281D /* ProfileView.swift */,
				9106EEDA26F999F30002281D /* ProfileSwipePromo.swift */,
			);
			path = Profile;
			sourceTree = "<group>";
		};
		9106EED926F9914C0002281D /* HelperViews */ = {
			isa = PBXGroup;
			children = (
				9106EED426F9900D0002281D /* RoundedImage.swift */,
			);
			path = HelperViews;
			sourceTree = "<group>";
		};
		914B24B226FAA7220035010B /* MatchesView */ = {
			isa = PBXGroup;
			children = (
				914B24B026FAA6FB0035010B /* LikesView.swift */,
				914FDBEB26FAC8B000D343B2 /* PersonSquare.swift */,
			);
			path = MatchesView;
			sourceTree = "<group>";
		};
		918710A926FA41F60021AC34 /* Model */ = {
			isa = PBXGroup;
			children = (
				918710A726FA41F10021AC34 /* Message.swift */,
				918710AC26FA429F0021AC34 /* Person.swift */,
				918710AE26FA43100021AC34 /* MessagePreview.swift */,
				914B24AE26FAA4D30035010B /* User.swift */,
			);
			path = Model;
			sourceTree = "<group>";
		};
		918710B226FA43C00021AC34 /* Messages */ = {
			isa = PBXGroup;
			children = (
				918710B026FA43BB0021AC34 /* MessageView.swift */,
				918710B526FA48050021AC34 /* ChatManager.swift */,
				918710B326FA47B00021AC34 /* ChatView.swift */,
				918710B726FA49CF0021AC34 /* ChatViewHeader.swift */,
				914B24A626FA89B80035010B /* MessageListView.swift */,
				914B24A826FA89F90035010B /* MessageListVM.swift */,
				914B24AA26FA91A40035010B /* MessageRowView.swift */,
			);
			path = Messages;
			sourceTree = "<group>";
		};
/* End PBXGroup section */

/* Begin PBXNativeTarget section */
		9106EEB526F976060002281D /* iTinder_Build */ = {
			isa = PBXNativeTarget;
			buildConfigurationList = 9106EEC526F976070002281D /* Build configuration list for PBXNativeTarget "iTinder_Build" */;
			buildPhases = (
				9106EEB226F976060002281D /* Sources */,
				9106EEB326F976060002281D /* Frameworks */,
				9106EEB426F976060002281D /* Resources */,
			);
			buildRules = (
			);
			dependencies = (
			);
			name = iTinder_Build;
			packageProductDependencies = (
				914B24A426FA82D30035010B /* Kingfisher */,
			);
			productName = iTinder_Build;
			productReference = 9106EEB626F976060002281D /* iTinder_Build.app */;
			productType = "com.apple.product-type.application";
		};
/* End PBXNativeTarget section */

/* Begin PBXProject section */
		9106EEAE26F976060002281D /* Project object */ = {
			isa = PBXProject;
			attributes = {
				LastSwiftUpdateCheck = 1250;
				LastUpgradeCheck = 1250;
				TargetAttributes = {
					9106EEB526F976060002281D = {
						CreatedOnToolsVersion = 12.5.1;
					};
				};
			};
			buildConfigurationList = 9106EEB126F976060002281D /* Build configuration list for PBXProject "iTinder_Build" */;
			compatibilityVersion = "Xcode 9.3";
			developmentRegion = en;
			hasScannedForEncodings = 0;
			knownRegions = (
				en,
				Base,
			);
			mainGroup = 9106EEAD26F976060002281D;
			packageReferences = (
				914B24A326FA82D30035010B /* XCRemoteSwiftPackageReference "Kingfisher" */,
			);
			productRefGroup = 9106EEB726F976060002281D /* Products */;
			projectDirPath = "";
			projectRoot = "";
			targets = (
				9106EEB526F976060002281D /* iTinder_Build */,
			);
		};
/* End PBXProject section */

/* Begin PBXResourcesBuildPhase section */
		9106EEB426F976060002281D /* Resources */ = {
			isa = PBXResourcesBuildPhase;
			buildActionMask = 2147483647;
			files = (
				9106EEC126F976070002281D /* Preview Assets.xcassets in Resources */,
				9106EEBE26F976070002281D /* Assets.xcassets in Resources */,
			);
			runOnlyForDeploymentPostprocessing = 0;
		};
/* End PBXResourcesBuildPhase section */

/* Begin PBXSourcesBuildPhase section */
		9106EEB226F976060002281D /* Sources */ = {
			isa = PBXSourcesBuildPhase;
			buildActionMask = 2147483647;
			files = (
				918710B626FA48050021AC34 /* ChatManager.swift in Sources */,
				914B24A726FA89B80035010B /* MessageListView.swift in Sources */,
				9106EECB26F979380002281D /* TabBarButtonView.swift in Sources */,
				914FDBEC26FAC8B000D343B2 /* PersonSquare.swift in Sources */,
				9106EED526F9900D0002281D /* RoundedImage.swift in Sources */,
				918710B826FA49CF0021AC34 /* ChatViewHeader.swift in Sources */,
				914B24AB26FA91A40035010B /* MessageRowView.swift in Sources */,
				9106EECF26F980700002281D /* Extensions.swift in Sources */,
				914B24A926FA89F90035010B /* MessageListVM.swift in Sources */,
				9106EEBC26F976060002281D /* ContentView.swift in Sources */,
				918710B426FA47B00021AC34 /* ChatView.swift in Sources */,
				918710AD26FA429F0021AC34 /* Person.swift in Sources */,
				918710B126FA43BB0021AC34 /* MessageView.swift in Sources */,
				9106EEDB26F999F30002281D /* ProfileSwipePromo.swift in Sources */,
				9106EEC926F9773A0002281D /* MainView.swift in Sources */,
				9106EEBA26F976060002281D /* iTinder_BuildApp.swift in Sources */,
				918710A826FA41F10021AC34 /* Message.swift in Sources */,
				9106EED226F98ECA0002281D /* ProfileView.swift in Sources */,
				914B24B126FAA6FB0035010B /* LikesView.swift in Sources */,
				9106EECD26F97D800002281D /* AppStateManager.swift in Sources */,
				914B24AD26FAA47F0035010B /* UserManager.swift in Sources */,
				918710AF26FA43100021AC34 /* MessagePreview.swift in Sources */,
				914B24AF26FAA4D30035010B /* User.swift in Sources */,
			);
			runOnlyForDeploymentPostprocessing = 0;
		};
/* End PBXSourcesBuildPhase section */

/* Begin XCBuildConfiguration section */
		9106EEC326F976070002281D /* Debug */ = {
			isa = XCBuildConfiguration;
			buildSettings = {
				ALWAYS_SEARCH_USER_PATHS = NO;
				CLANG_ANALYZER_NONNULL = YES;
				CLANG_ANALYZER_NUMBER_OBJECT_CONVERSION = YES_AGGRESSIVE;
				CLANG_CXX_LANGUAGE_STANDARD = "gnu++14";
				CLANG_CXX_LIBRARY = "libc++";
				CLANG_ENABLE_MODULES = YES;
				CLANG_ENABLE_OBJC_ARC = YES;
				CLANG_ENABLE_OBJC_WEAK = YES;
				CLANG_WARN_BLOCK_CAPTURE_AUTORELEASING = YES;
				CLANG_WARN_BOOL_CONVERSION = YES;
				CLANG_WARN_COMMA = YES;
				CLANG_WARN_CONSTANT_CONVERSION = YES;
				CLANG_WARN_DEPRECATED_OBJC_IMPLEMENTATIONS = YES;
				CLANG_WARN_DIRECT_OBJC_ISA_USAGE = YES_ERROR;
				CLANG_WARN_DOCUMENTATION_COMMENTS = YES;
				CLANG_WARN_EMPTY_BODY = YES;
				CLANG_WARN_ENUM_CONVERSION = YES;
				CLANG_WARN_INFINITE_RECURSION = YES;
				CLANG_WARN_INT_CONVERSION = YES;
				CLANG_WARN_NON_LITERAL_NULL_CONVERSION = YES;
				CLANG_WARN_OBJC_IMPLICIT_RETAIN_SELF = YES;
				CLANG_WARN_OBJC_LITERAL_CONVERSION = YES;
				CLANG_WARN_OBJC_ROOT_CLASS = YES_ERROR;
				CLANG_WARN_QUOTED_INCLUDE_IN_FRAMEWORK_HEADER = YES;
				CLANG_WARN_RANGE_LOOP_ANALYSIS = YES;
				CLANG_WARN_STRICT_PROTOTYPES = YES;
				CLANG_WARN_SUSPICIOUS_MOVE = YES;
				CLANG_WARN_UNGUARDED_AVAILABILITY = YES_AGGRESSIVE;
				CLANG_WARN_UNREACHABLE_CODE = YES;
				CLANG_WARN__DUPLICATE_METHOD_MATCH = YES;
				COPY_PHASE_STRIP = NO;
				DEBUG_INFORMATION_FORMAT = dwarf;
				ENABLE_STRICT_OBJC_MSGSEND = YES;
				ENABLE_TESTABILITY = YES;
				GCC_C_LANGUAGE_STANDARD = gnu11;
				GCC_DYNAMIC_NO_PIC = NO;
				GCC_NO_COMMON_BLOCKS = YES;
				GCC_OPTIMIZATION_LEVEL = 0;
				GCC_PREPROCESSOR_DEFINITIONS = (
					"DEBUG=1",
					"$(inherited)",
				);
				GCC_WARN_64_TO_32_BIT_CONVERSION = YES;
				GCC_WARN_ABOUT_RETURN_TYPE = YES_ERROR;
				GCC_WARN_UNDECLARED_SELECTOR = YES;
				GCC_WARN_UNINITIALIZED_AUTOS = YES_AGGRESSIVE;
				GCC_WARN_UNUSED_FUNCTION = YES;
				GCC_WARN_UNUSED_VARIABLE = YES;
				IPHONEOS_DEPLOYMENT_TARGET = 14.5;
				MTL_ENABLE_DEBUG_INFO = INCLUDE_SOURCE;
				MTL_FAST_MATH = YES;
				ONLY_ACTIVE_ARCH = YES;
				SDKROOT = iphoneos;
				SWIFT_ACTIVE_COMPILATION_CONDITIONS = DEBUG;
				SWIFT_OPTIMIZATION_LEVEL = "-Onone";
			};
			name = Debug;
		};
		9106EEC426F976070002281D /* Release */ = {
			isa = XCBuildConfiguration;
			buildSettings = {
				ALWAYS_SEARCH_USER_PATHS = NO;
				CLANG_ANALYZER_NONNULL = YES;
				CLANG_ANALYZER_NUMBER_OBJECT_CONVERSION = YES_AGGRESSIVE;
				CLANG_CXX_LANGUAGE_STANDARD = "gnu++14";
				CLANG_CXX_LIBRARY = "libc++";
				CLANG_ENABLE_MODULES = YES;
				CLANG_ENABLE_OBJC_ARC = YES;
				CLANG_ENABLE_OBJC_WEAK = YES;
				CLANG_WARN_BLOCK_CAPTURE_AUTORELEASING = YES;
				CLANG_WARN_BOOL_CONVERSION = YES;
				CLANG_WARN_COMMA = YES;
				CLANG_WARN_CONSTANT_CONVERSION = YES;
				CLANG_WARN_DEPRECATED_OBJC_IMPLEMENTATIONS = YES;
				CLANG_WARN_DIRECT_OBJC_ISA_USAGE = YES_ERROR;
				CLANG_WARN_DOCUMENTATION_COMMENTS = YES;
				CLANG_WARN_EMPTY_BODY = YES;
				CLANG_WARN_ENUM_CONVERSION = YES;
				CLANG_WARN_INFINITE_RECURSION = YES;
				CLANG_WARN_INT_CONVERSION = YES;
				CLANG_WARN_NON_LITERAL_NULL_CONVERSION = YES;
				CLANG_WARN_OBJC_IMPLICIT_RETAIN_SELF = YES;
				CLANG_WARN_OBJC_LITERAL_CONVERSION = YES;
				CLANG_WARN_OBJC_ROOT_CLASS = YES_ERROR;
				CLANG_WARN_QUOTED_INCLUDE_IN_FRAMEWORK_HEADER = YES;
				CLANG_WARN_RANGE_LOOP_ANALYSIS = YES;
				CLANG_WARN_STRICT_PROTOTYPES = YES;
				CLANG_WARN_SUSPICIOUS_MOVE = YES;
				CLANG_WARN_UNGUARDED_AVAILABILITY = YES_AGGRESSIVE;
				CLANG_WARN_UNREACHABLE_CODE = YES;
				CLANG_WARN__DUPLICATE_METHOD_MATCH = YES;
				COPY_PHASE_STRIP = NO;
				DEBUG_INFORMATION_FORMAT = "dwarf-with-dsym";
				ENABLE_NS_ASSERTIONS = NO;
				ENABLE_STRICT_OBJC_MSGSEND = YES;
				GCC_C_LANGUAGE_STANDARD = gnu11;
				GCC_NO_COMMON_BLOCKS = YES;
				GCC_WARN_64_TO_32_BIT_CONVERSION = YES;
				GCC_WARN_ABOUT_RETURN_TYPE = YES_ERROR;
				GCC_WARN_UNDECLARED_SELECTOR = YES;
				GCC_WARN_UNINITIALIZED_AUTOS = YES_AGGRESSIVE;
				GCC_WARN_UNUSED_FUNCTION = YES;
				GCC_WARN_UNUSED_VARIABLE = YES;
				IPHONEOS_DEPLOYMENT_TARGET = 14.5;
				MTL_ENABLE_DEBUG_INFO = NO;
				MTL_FAST_MATH = YES;
				SDKROOT = iphoneos;
				SWIFT_COMPILATION_MODE = wholemodule;
				SWIFT_OPTIMIZATION_LEVEL = "-O";
				VALIDATE_PRODUCT = YES;
			};
			name = Release;
		};
		9106EEC626F976070002281D /* Debug */ = {
			isa = XCBuildConfiguration;
			buildSettings = {
				ASSETCATALOG_COMPILER_APPICON_NAME = AppIcon;
				ASSETCATALOG_COMPILER_GLOBAL_ACCENT_COLOR_NAME = AccentColor;
				CODE_SIGN_STYLE = Automatic;
				DEVELOPMENT_ASSET_PATHS = "\"iTinder_Build/Preview Content\"";
				DEVELOPMENT_TEAM = 8AG33EWU86;
				ENABLE_PREVIEWS = YES;
				INFOPLIST_FILE = iTinder_Build/Info.plist;
				IPHONEOS_DEPLOYMENT_TARGET = 14.0;
				LD_RUNPATH_SEARCH_PATHS = (
					"$(inherited)",
					"@executable_path/Frameworks",
				);
				PRODUCT_BUNDLE_IDENTIFIER = "com.imoment.iTinder-Build";
				PRODUCT_NAME = "$(TARGET_NAME)";
				SWIFT_VERSION = 5.0;
				TARGETED_DEVICE_FAMILY = "1,2";
			};
			name = Debug;
		};
		9106EEC726F976070002281D /* Release */ = {
			isa = XCBuildConfiguration;
			buildSettings = {
				ASSETCATALOG_COMPILER_APPICON_NAME = AppIcon;
				ASSETCATALOG_COMPILER_GLOBAL_ACCENT_COLOR_NAME = AccentColor;
				CODE_SIGN_STYLE = Automatic;
				DEVELOPMENT_ASSET_PATHS = "\"iTinder_Build/Preview Content\"";
				DEVELOPMENT_TEAM = 8AG33EWU86;
				ENABLE_PREVIEWS = YES;
				INFOPLIST_FILE = iTinder_Build/Info.plist;
				IPHONEOS_DEPLOYMENT_TARGET = 14.0;
				LD_RUNPATH_SEARCH_PATHS = (
					"$(inherited)",
					"@executable_path/Frameworks",
				);
				PRODUCT_BUNDLE_IDENTIFIER = "com.imoment.iTinder-Build";
				PRODUCT_NAME = "$(TARGET_NAME)";
				SWIFT_VERSION = 5.0;
				TARGETED_DEVICE_FAMILY = "1,2";
			};
			name = Release;
		};
/* End XCBuildConfiguration section */

/* Begin XCConfigurationList section */
		9106EEB126F976060002281D /* Build configuration list for PBXProject "iTinder_Build" */ = {
			isa = XCConfigurationList;
			buildConfigurations = (
				9106EEC326F976070002281D /* Debug */,
				9106EEC426F976070002281D /* Release */,
			);
			defaultConfigurationIsVisible = 0;
			defaultConfigurationName = Release;
		};
		9106EEC526F976070002281D /* Build configuration list for PBXNativeTarget "iTinder_Build" */ = {
			isa = XCConfigurationList;
			buildConfigurations = (
				9106EEC626F976070002281D /* Debug */,
				9106EEC726F976070002281D /* Release */,
			);
			defaultConfigurationIsVisible = 0;
			defaultConfigurationName = Release;
		};
/* End XCConfigurationList section */

/* Begin XCRemoteSwiftPackageReference section */
		914B24A326FA82D30035010B /* XCRemoteSwiftPackageReference "Kingfisher" */ = {
			isa = XCRemoteSwiftPackageReference;
			repositoryURL = "https://github.com/onevcat/Kingfisher";
			requirement = {
				kind = upToNextMajorVersion;
				minimumVersion = 7.0.0;
			};
		};
/* End XCRemoteSwiftPackageReference section */

/* Begin XCSwiftPackageProductDependency section */
		914B24A426FA82D30035010B /* Kingfisher */ = {
			isa = XCSwiftPackageProductDependency;
			package = 914B24A326FA82D30035010B /* XCRemoteSwiftPackageReference "Kingfisher" */;
			productName = Kingfisher;
		};
/* End XCSwiftPackageProductDependency section */
	};
	rootObject = 9106EEAE26F976060002281D /* Project object */;
}
